Microsoft Visual Studio Solution File, Format Version 12.00
# Visual Studio Version 17
VisualStudioVersion = 17.0.31903.59
MinimumVisualStudioVersion = 10.0.40219.1
Project("{FAE04EC0-301F-11D3-BF4B-00C04F79EFBC}") = "ProductAPI", "ProductAPI.csproj", "{07FF547B-E1C9-45B4-8C53-18F0A0B4E0FA}"
EndProject
Project("{FAE04EC0-301F-11D3-BF4B-00C04F79EFBC}") = "ProductAPI.Tests", "..\ProductAPI.Tests\ProductAPI.Tests.csproj", "{97BEE642-1103-48E9-90EE-E2FB560CEC88}"
EndProject
Global
	GlobalSection(SolutionConfigurationPlatforms) = preSolution
		Debug|Any CPU = Debug|Any CPU
		Release|Any CPU = Release|Any CPU
	EndGlobalSection
	GlobalSection(SolutionProperties) = preSolution
		HideSolutionNode = FALSE
	EndGlobalSection
	GlobalSection(ProjectConfigurationPlatforms) = postSolution
		{07FF547B-E1C9-45B4-8C53-18F0A0B4E0FA}.Debug|Any CPU.ActiveCfg = Debug|Any CPU
		{07FF547B-E1C9-45B4-8C53-18F0A0B4E0FA}.Debug|Any CPU.Build.0 = Debug|Any CPU
		{07FF547B-E1C9-45B4-8C53-18F0A0B4E0FA}.Release|Any CPU.ActiveCfg = Release|Any CPU
		{07FF547B-E1C9-45B4-8C53-18F0A0B4E0FA}.Release|Any CPU.Build.0 = Release|Any CPU
		{8E5DD934-2E99-41AE-BDC0-058CE3EEC804}.Debug|Any CPU.ActiveCfg = Debug|Any CPU
		{8E5DD934-2E99-41AE-BDC0-058CE3EEC804}.Debug|Any CPU.Build.0 = Debug|Any CPU
		{8E5DD934-2E99-41AE-BDC0-058CE3EEC804}.Release|Any CPU.ActiveCfg = Release|Any CPU
		{8E5DD934-2E99-41AE-BDC0-058CE3EEC804}.Release|Any CPU.Build.0 = Release|Any CPU
		{97BEE642-1103-48E9-90EE-E2FB560CEC88}.Debug|Any CPU.ActiveCfg = Debug|Any CPU
		{97BEE642-1103-48E9-90EE-E2FB560CEC88}.Debug|Any CPU.Build.0 = Debug|Any CPU
		{97BEE642-1103-48E9-90EE-E2FB560CEC88}.Release|Any CPU.ActiveCfg = Release|Any CPU
		{97BEE642-1103-48E9-90EE-E2FB560CEC88}.Release|Any CPU.Build.0 = Release|Any CPU
	EndGlobalSection
EndGlobal
